
Microsoft Visual Studio Solution File, Format Version 12.00
# Visual Studio Version 17
VisualStudioVersion = 17.14.36705.20 d17.14
MinimumVisualStudioVersion = 10.0.40219.1
Project("{FAE04EC0-301F-11D3-BF4B-00C04F79EFBC}") = "RAD Fleet Outlier Radar", "RAD Fleet Outlier Radar\RAD Fleet Outlier Radar.csproj", "{794D04DA-A2FD-4D15-8B54-653C220CD03F}"
EndProject
Global
	GlobalSection(SolutionConfigurationPlatforms) = preSolution
		Debug|Any CPU = Debug|Any CPU
		Release|Any CPU = Release|Any CPU
	EndGlobalSection
	GlobalSection(ProjectConfigurationPlatforms) = postSolution
		{794D04DA-A2FD-4D15-8B54-653C220CD03F}.Debug|Any CPU.ActiveCfg = Debug|Any CPU
		{794D04DA-A2FD-4D15-8B54-653C220CD03F}.Debug|Any CPU.Build.0 = Debug|Any CPU
		{794D04DA-A2FD-4D15-8B54-653C220CD03F}.Release|Any CPU.ActiveCfg = Release|Any CPU
		{794D04DA-A2FD-4D15-8B54-653C220CD03F}.Release|Any CPU.Build.0 = Release|Any CPU
	EndGlobalSection
	GlobalSection(SolutionProperties) = preSolution
		HideSolutionNode = FALSE
	EndGlobalSection
	GlobalSection(ExtensibilityGlobals) = postSolution
		SolutionGuid = {52C2A46A-43E5-449F-9A76-D2566EC3AB63}
	EndGlobalSection
EndGlobal
