
Microsoft Visual Studio Solution File, Format Version 12.00
# Visual Studio Version 17
VisualStudioVersion = 17.14.36705.20
MinimumVisualStudioVersion = 10.0.40219.1
Project("{FAE04EC0-301F-11D3-BF4B-00C04F79EFBC}") = "RAD Fleet Outlier Radar", "RAD Fleet Outlier Radar\RAD Fleet Outlier Radar.csproj", "{794D04DA-A2FD-4D15-8B54-653C220CD03F}"
	ProjectSection(ProjectDependencies) = postProject
		{A0FC47F3-A359-43BC-BCA7-3707CA091232} = {A0FC47F3-A359-43BC-BCA7-3707CA091232}
	EndProjectSection
EndProject
Project("{2150E333-8FDC-42A3-9474-1A3956D46DE8}") = "Internal", "Internal", "{02EA681E-C7D8-13C7-8484-4AC65E1B71E8}"
EndProject
Project("{2150E333-8FDC-42A3-9474-1A3956D46DE8}") = "Code Analysis", "Code Analysis", "{F64174CD-6DBC-4F70-B168-731026A69A38}"
	ProjectSection(SolutionItems) = preProject
		Internal\Code Analysis\qaction-debug.ruleset = Internal\Code Analysis\qaction-debug.ruleset
		Internal\Code Analysis\qaction-release.ruleset = Internal\Code Analysis\qaction-release.ruleset
		Internal\Code Analysis\stylecop.json = Internal\Code Analysis\stylecop.json
	EndProjectSection
EndProject
Project("{FAE04EC0-301F-11D3-BF4B-00C04F79EFBC}") = "Empower 2025 - AI - Commtia DAB", "Empower 2025 - AI - Commtia DAB\Empower 2025 - AI - Commtia DAB.csproj", "{A0FC47F3-A359-43BC-BCA7-3707CA091232}"
EndProject
Project("{FAE04EC0-301F-11D3-BF4B-00C04F79EFBC}") = "CreateRADGroup", "CreateRADGroup\CreateRADGroup.csproj", "{C0005798-16E2-4B77-BF3D-485392737585}"
EndProject
Global
	GlobalSection(SolutionConfigurationPlatforms) = preSolution
		Debug|Any CPU = Debug|Any CPU
		Release|Any CPU = Release|Any CPU
	EndGlobalSection
	GlobalSection(ProjectConfigurationPlatforms) = postSolution
		{794D04DA-A2FD-4D15-8B54-653C220CD03F}.Debug|Any CPU.ActiveCfg = Debug|Any CPU
		{794D04DA-A2FD-4D15-8B54-653C220CD03F}.Debug|Any CPU.Build.0 = Debug|Any CPU
		{794D04DA-A2FD-4D15-8B54-653C220CD03F}.Release|Any CPU.ActiveCfg = Release|Any CPU
		{794D04DA-A2FD-4D15-8B54-653C220CD03F}.Release|Any CPU.Build.0 = Release|Any CPU
		{A0FC47F3-A359-43BC-BCA7-3707CA091232}.Debug|Any CPU.ActiveCfg = Debug|Any CPU
		{A0FC47F3-A359-43BC-BCA7-3707CA091232}.Debug|Any CPU.Build.0 = Debug|Any CPU
		{A0FC47F3-A359-43BC-BCA7-3707CA091232}.Release|Any CPU.ActiveCfg = Release|Any CPU
		{A0FC47F3-A359-43BC-BCA7-3707CA091232}.Release|Any CPU.Build.0 = Release|Any CPU
		{C0005798-16E2-4B77-BF3D-485392737585}.Debug|Any CPU.ActiveCfg = Debug|Any CPU
		{C0005798-16E2-4B77-BF3D-485392737585}.Debug|Any CPU.Build.0 = Debug|Any CPU
		{C0005798-16E2-4B77-BF3D-485392737585}.Release|Any CPU.ActiveCfg = Release|Any CPU
		{C0005798-16E2-4B77-BF3D-485392737585}.Release|Any CPU.Build.0 = Release|Any CPU
	EndGlobalSection
	GlobalSection(SolutionProperties) = preSolution
		HideSolutionNode = FALSE
	EndGlobalSection
	GlobalSection(NestedProjects) = preSolution
		{F64174CD-6DBC-4F70-B168-731026A69A38} = {02EA681E-C7D8-13C7-8484-4AC65E1B71E8}
	EndGlobalSection
	GlobalSection(ExtensibilityGlobals) = postSolution
		SolutionGuid = {52C2A46A-43E5-449F-9A76-D2566EC3AB63}
	EndGlobalSection
EndGlobal
